
Microsoft Visual Studio Solution File, Format Version 12.00
# Visual Studio Version 16
VisualStudioVersion = 16.0.31515.178
MinimumVisualStudioVersion = 10.0.40219.1
Project("{FAE04EC0-301F-11D3-BF4B-00C04F79EFBC}") = "AppCambio.UWP", "AppCambio\AppCambio.UWP\AppCambio.UWP.csproj", "{B93F18B3-1B2D-42ED-8FBF-0A39270E4248}"
EndProject
Project("{FAE04EC0-301F-11D3-BF4B-00C04F79EFBC}") = "AppCambio.Android", "AppCambio\AppCambio.Android\AppCambio.Android.csproj", "{B49E1833-D1F2-461B-B2A3-096B8E251641}"
EndProject
Project("{FAE04EC0-301F-11D3-BF4B-00C04F79EFBC}") = "AppCambio", "AppCambio\AppCambio\AppCambio.csproj", "{823E0CA2-3DAD-4489-BE62-B29DABA3F425}"
EndProject
Global
	GlobalSection(SolutionConfigurationPlatforms) = preSolution
		Debug|Any CPU = Debug|Any CPU
		Debug|ARM = Debug|ARM
		Debug|x64 = Debug|x64
		Debug|x86 = Debug|x86
		Release|Any CPU = Release|Any CPU
		Release|ARM = Release|ARM
		Release|x64 = Release|x64
		Release|x86 = Release|x86
	EndGlobalSection
	GlobalSection(ProjectConfigurationPlatforms) = postSolution
		{B93F18B3-1B2D-42ED-8FBF-0A39270E4248}.Debug|Any CPU.ActiveCfg = Debug|x86
		{B93F18B3-1B2D-42ED-8FBF-0A39270E4248}.Debug|Any CPU.Build.0 = Debug|x86
		{B93F18B3-1B2D-42ED-8FBF-0A39270E4248}.Debug|Any CPU.Deploy.0 = Debug|x86
		{B93F18B3-1B2D-42ED-8FBF-0A39270E4248}.Debug|ARM.ActiveCfg = Debug|ARM
		{B93F18B3-1B2D-42ED-8FBF-0A39270E4248}.Debug|ARM.Build.0 = Debug|ARM
		{B93F18B3-1B2D-42ED-8FBF-0A39270E4248}.Debug|ARM.Deploy.0 = Debug|ARM
		{B93F18B3-1B2D-42ED-8FBF-0A39270E4248}.Debug|x64.ActiveCfg = Debug|x64
		{B93F18B3-1B2D-42ED-8FBF-0A39270E4248}.Debug|x64.Build.0 = Debug|x64
		{B93F18B3-1B2D-42ED-8FBF-0A39270E4248}.Debug|x64.Deploy.0 = Debug|x64
		{B93F18B3-1B2D-42ED-8FBF-0A39270E4248}.Debug|x86.ActiveCfg = Debug|x86
		{B93F18B3-1B2D-42ED-8FBF-0A39270E4248}.Debug|x86.Build.0 = Debug|x86
		{B93F18B3-1B2D-42ED-8FBF-0A39270E4248}.Debug|x86.Deploy.0 = Debug|x86
		{B93F18B3-1B2D-42ED-8FBF-0A39270E4248}.Release|Any CPU.ActiveCfg = Release|x86
		{B93F18B3-1B2D-42ED-8FBF-0A39270E4248}.Release|Any CPU.Build.0 = Release|x86
		{B93F18B3-1B2D-42ED-8FBF-0A39270E4248}.Release|Any CPU.Deploy.0 = Release|x86
		{B93F18B3-1B2D-42ED-8FBF-0A39270E4248}.Release|ARM.ActiveCfg = Release|ARM
		{B93F18B3-1B2D-42ED-8FBF-0A39270E4248}.Release|ARM.Build.0 = Release|ARM
		{B93F18B3-1B2D-42ED-8FBF-0A39270E4248}.Release|ARM.Deploy.0 = Release|ARM
		{B93F18B3-1B2D-42ED-8FBF-0A39270E4248}.Release|x64.ActiveCfg = Release|x64
		{B93F18B3-1B2D-42ED-8FBF-0A39270E4248}.Release|x64.Build.0 = Release|x64
		{B93F18B3-1B2D-42ED-8FBF-0A39270E4248}.Release|x64.Deploy.0 = Release|x64
		{B93F18B3-1B2D-42ED-8FBF-0A39270E4248}.Release|x86.ActiveCfg = Release|x86
		{B93F18B3-1B2D-42ED-8FBF-0A39270E4248}.Release|x86.Build.0 = Release|x86
		{B93F18B3-1B2D-42ED-8FBF-0A39270E4248}.Release|x86.Deploy.0 = Release|x86
		{B49E1833-D1F2-461B-B2A3-096B8E251641}.Debug|Any CPU.ActiveCfg = Debug|Any CPU
		{B49E1833-D1F2-461B-B2A3-096B8E251641}.Debug|Any CPU.Build.0 = Debug|Any CPU
		{B49E1833-D1F2-461B-B2A3-096B8E251641}.Debug|Any CPU.Deploy.0 = Debug|Any CPU
		{B49E1833-D1F2-461B-B2A3-096B8E251641}.Debug|ARM.ActiveCfg = Debug|Any CPU
		{B49E1833-D1F2-461B-B2A3-096B8E251641}.Debug|ARM.Build.0 = Debug|Any CPU
		{B49E1833-D1F2-461B-B2A3-096B8E251641}.Debug|ARM.Deploy.0 = Debug|Any CPU
		{B49E1833-D1F2-461B-B2A3-096B8E251641}.Debug|x64.ActiveCfg = Debug|Any CPU
		{B49E1833-D1F2-461B-B2A3-096B8E251641}.Debug|x64.Build.0 = Debug|Any CPU
		{B49E1833-D1F2-461B-B2A3-096B8E251641}.Debug|x64.Deploy.0 = Debug|Any CPU
		{B49E1833-D1F2-461B-B2A3-096B8E251641}.Debug|x86.ActiveCfg = Debug|Any CPU
		{B49E1833-D1F2-461B-B2A3-096B8E251641}.Debug|x86.Build.0 = Debug|Any CPU
		{B49E1833-D1F2-461B-B2A3-096B8E251641}.Debug|x86.Deploy.0 = Debug|Any CPU
		{B49E1833-D1F2-461B-B2A3-096B8E251641}.Release|Any CPU.ActiveCfg = Release|Any CPU
		{B49E1833-D1F2-461B-B2A3-096B8E251641}.Release|Any CPU.Build.0 = Release|Any CPU
		{B49E1833-D1F2-461B-B2A3-096B8E251641}.Release|Any CPU.Deploy.0 = Release|Any CPU
		{B49E1833-D1F2-461B-B2A3-096B8E251641}.Release|ARM.ActiveCfg = Release|Any CPU
		{B49E1833-D1F2-461B-B2A3-096B8E251641}.Release|ARM.Build.0 = Release|Any CPU
		{B49E1833-D1F2-461B-B2A3-096B8E251641}.Release|ARM.Deploy.0 = Release|Any CPU
		{B49E1833-D1F2-461B-B2A3-096B8E251641}.Release|x64.ActiveCfg = Release|Any CPU
		{B49E1833-D1F2-461B-B2A3-096B8E251641}.Release|x64.Build.0 = Release|Any CPU
		{B49E1833-D1F2-461B-B2A3-096B8E251641}.Release|x64.Deploy.0 = Release|Any CPU
		{B49E1833-D1F2-461B-B2A3-096B8E251641}.Release|x86.ActiveCfg = Release|Any CPU
		{B49E1833-D1F2-461B-B2A3-096B8E251641}.Release|x86.Build.0 = Release|Any CPU
		{B49E1833-D1F2-461B-B2A3-096B8E251641}.Release|x86.Deploy.0 = Release|Any CPU
		{823E0CA2-3DAD-4489-BE62-B29DABA3F425}.Debug|Any CPU.ActiveCfg = Debug|Any CPU
		{823E0CA2-3DAD-4489-BE62-B29DABA3F425}.Debug|Any CPU.Build.0 = Debug|Any CPU
		{823E0CA2-3DAD-4489-BE62-B29DABA3F425}.Debug|Any CPU.Deploy.0 = Debug|Any CPU
		{823E0CA2-3DAD-4489-BE62-B29DABA3F425}.Debug|ARM.ActiveCfg = Debug|Any CPU
		{823E0CA2-3DAD-4489-BE62-B29DABA3F425}.Debug|ARM.Build.0 = Debug|Any CPU
		{823E0CA2-3DAD-4489-BE62-B29DABA3F425}.Debug|ARM.Deploy.0 = Debug|Any CPU
		{823E0CA2-3DAD-4489-BE62-B29DABA3F425}.Debug|x64.ActiveCfg = Debug|Any CPU
		{823E0CA2-3DAD-4489-BE62-B29DABA3F425}.Debug|x64.Build.0 = Debug|Any CPU
		{823E0CA2-3DAD-4489-BE62-B29DABA3F425}.Debug|x64.Deploy.0 = Debug|Any CPU
		{823E0CA2-3DAD-4489-BE62-B29DABA3F425}.Debug|x86.ActiveCfg = Debug|Any CPU
		{823E0CA2-3DAD-4489-BE62-B29DABA3F425}.Debug|x86.Build.0 = Debug|Any CPU
		{823E0CA2-3DAD-4489-BE62-B29DABA3F425}.Debug|x86.Deploy.0 = Debug|Any CPU
		{823E0CA2-3DAD-4489-BE62-B29DABA3F425}.Release|Any CPU.ActiveCfg = Release|Any CPU
		{823E0CA2-3DAD-4489-BE62-B29DABA3F425}.Release|Any CPU.Build.0 = Release|Any CPU
		{823E0CA2-3DAD-4489-BE62-B29DABA3F425}.Release|Any CPU.Deploy.0 = Release|Any CPU
		{823E0CA2-3DAD-4489-BE62-B29DABA3F425}.Release|ARM.ActiveCfg = Release|Any CPU
		{823E0CA2-3DAD-4489-BE62-B29DABA3F425}.Release|ARM.Build.0 = Release|Any CPU
		{823E0CA2-3DAD-4489-BE62-B29DABA3F425}.Release|ARM.Deploy.0 = Release|Any CPU
		{823E0CA2-3DAD-4489-BE62-B29DABA3F425}.Release|x64.ActiveCfg = Release|Any CPU
		{823E0CA2-3DAD-4489-BE62-B29DABA3F425}.Release|x64.Build.0 = Release|Any CPU
		{823E0CA2-3DAD-4489-BE62-B29DABA3F425}.Release|x64.Deploy.0 = Release|Any CPU
		{823E0CA2-3DAD-4489-BE62-B29DABA3F425}.Release|x86.ActiveCfg = Release|Any CPU
		{823E0CA2-3DAD-4489-BE62-B29DABA3F425}.Release|x86.Build.0 = Release|Any CPU
		{823E0CA2-3DAD-4489-BE62-B29DABA3F425}.Release|x86.Deploy.0 = Release|Any CPU
	EndGlobalSection
	GlobalSection(SolutionProperties) = preSolution
		HideSolutionNode = FALSE
	EndGlobalSection
	GlobalSection(ExtensibilityGlobals) = postSolution
		SolutionGuid = {08DD178F-FA25-40E9-B92C-79FDFF99538A}
	EndGlobalSection
EndGlobal
